
Microsoft Visual Studio Solution File, Format Version 12.00
# Visual Studio 15
VisualStudioVersion = 15.0.28307.421
MinimumVisualStudioVersion = 10.0.40219.1
Project("{FAE04EC0-301F-11D3-BF4B-00C04F79EFBC}") = "GridSpacing.Android", "GridSpacing\GridSpacing.Android\GridSpacing.Android.csproj", "{558A388C-80FF-4416-8B09-BDA84126AEC5}"
EndProject
Project("{FAE04EC0-301F-11D3-BF4B-00C04F79EFBC}") = "GridSpacing.iOS", "GridSpacing\GridSpacing.iOS\GridSpacing.iOS.csproj", "{C440B218-DF7B-43D8-8F0E-7D668713A9D4}"
EndProject
Project("{FAE04EC0-301F-11D3-BF4B-00C04F79EFBC}") = "GridSpacing.UWP", "GridSpacing\GridSpacing.UWP\GridSpacing.UWP.csproj", "{AF04D13E-9D22-4D88-97B1-AB5D56A39AC4}"
EndProject
Project("{FAE04EC0-301F-11D3-BF4B-00C04F79EFBC}") = "GridSpacing", "GridSpacing\GridSpacing\GridSpacing.csproj", "{5C982659-FAD9-486C-B564-84E9849250C3}"
EndProject
Global
	GlobalSection(SolutionConfigurationPlatforms) = preSolution
		Ad-Hoc|Any CPU = Ad-Hoc|Any CPU
		Ad-Hoc|ARM = Ad-Hoc|ARM
		Ad-Hoc|iPhone = Ad-Hoc|iPhone
		Ad-Hoc|iPhoneSimulator = Ad-Hoc|iPhoneSimulator
		Ad-Hoc|x64 = Ad-Hoc|x64
		Ad-Hoc|x86 = Ad-Hoc|x86
		AppStore|Any CPU = AppStore|Any CPU
		AppStore|ARM = AppStore|ARM
		AppStore|iPhone = AppStore|iPhone
		AppStore|iPhoneSimulator = AppStore|iPhoneSimulator
		AppStore|x64 = AppStore|x64
		AppStore|x86 = AppStore|x86
		Debug|Any CPU = Debug|Any CPU
		Debug|ARM = Debug|ARM
		Debug|iPhone = Debug|iPhone
		Debug|iPhoneSimulator = Debug|iPhoneSimulator
		Debug|x64 = Debug|x64
		Debug|x86 = Debug|x86
		Release|Any CPU = Release|Any CPU
		Release|ARM = Release|ARM
		Release|iPhone = Release|iPhone
		Release|iPhoneSimulator = Release|iPhoneSimulator
		Release|x64 = Release|x64
		Release|x86 = Release|x86
	EndGlobalSection
	GlobalSection(ProjectConfigurationPlatforms) = postSolution
		{558A388C-80FF-4416-8B09-BDA84126AEC5}.Ad-Hoc|Any CPU.ActiveCfg = Release|Any CPU
		{558A388C-80FF-4416-8B09-BDA84126AEC5}.Ad-Hoc|Any CPU.Build.0 = Release|Any CPU
		{558A388C-80FF-4416-8B09-BDA84126AEC5}.Ad-Hoc|Any CPU.Deploy.0 = Release|Any CPU
		{558A388C-80FF-4416-8B09-BDA84126AEC5}.Ad-Hoc|ARM.ActiveCfg = Release|Any CPU
		{558A388C-80FF-4416-8B09-BDA84126AEC5}.Ad-Hoc|ARM.Build.0 = Release|Any CPU
		{558A388C-80FF-4416-8B09-BDA84126AEC5}.Ad-Hoc|ARM.Deploy.0 = Release|Any CPU
		{558A388C-80FF-4416-8B09-BDA84126AEC5}.Ad-Hoc|iPhone.ActiveCfg = Release|Any CPU
		{558A388C-80FF-4416-8B09-BDA84126AEC5}.Ad-Hoc|iPhone.Build.0 = Release|Any CPU
		{558A388C-80FF-4416-8B09-BDA84126AEC5}.Ad-Hoc|iPhone.Deploy.0 = Release|Any CPU
		{558A388C-80FF-4416-8B09-BDA84126AEC5}.Ad-Hoc|iPhoneSimulator.ActiveCfg = Release|Any CPU
		{558A388C-80FF-4416-8B09-BDA84126AEC5}.Ad-Hoc|iPhoneSimulator.Build.0 = Release|Any CPU
		{558A388C-80FF-4416-8B09-BDA84126AEC5}.Ad-Hoc|iPhoneSimulator.Deploy.0 = Release|Any CPU
		{558A388C-80FF-4416-8B09-BDA84126AEC5}.Ad-Hoc|x64.ActiveCfg = Release|Any CPU
		{558A388C-80FF-4416-8B09-BDA84126AEC5}.Ad-Hoc|x64.Build.0 = Release|Any CPU
		{558A388C-80FF-4416-8B09-BDA84126AEC5}.Ad-Hoc|x64.Deploy.0 = Release|Any CPU
		{558A388C-80FF-4416-8B09-BDA84126AEC5}.Ad-Hoc|x86.ActiveCfg = Release|Any CPU
		{558A388C-80FF-4416-8B09-BDA84126AEC5}.Ad-Hoc|x86.Build.0 = Release|Any CPU
		{558A388C-80FF-4416-8B09-BDA84126AEC5}.Ad-Hoc|x86.Deploy.0 = Release|Any CPU
		{558A388C-80FF-4416-8B09-BDA84126AEC5}.AppStore|Any CPU.ActiveCfg = Release|Any CPU
		{558A388C-80FF-4416-8B09-BDA84126AEC5}.AppStore|Any CPU.Build.0 = Release|Any CPU
		{558A388C-80FF-4416-8B09-BDA84126AEC5}.AppStore|Any CPU.Deploy.0 = Release|Any CPU
		{558A388C-80FF-4416-8B09-BDA84126AEC5}.AppStore|ARM.ActiveCfg = Release|Any CPU
		{558A388C-80FF-4416-8B09-BDA84126AEC5}.AppStore|ARM.Build.0 = Release|Any CPU
		{558A388C-80FF-4416-8B09-BDA84126AEC5}.AppStore|ARM.Deploy.0 = Release|Any CPU
		{558A388C-80FF-4416-8B09-BDA84126AEC5}.AppStore|iPhone.ActiveCfg = Release|Any CPU
		{558A388C-80FF-4416-8B09-BDA84126AEC5}.AppStore|iPhone.Build.0 = Release|Any CPU
		{558A388C-80FF-4416-8B09-BDA84126AEC5}.AppStore|iPhone.Deploy.0 = Release|Any CPU
		{558A388C-80FF-4416-8B09-BDA84126AEC5}.AppStore|iPhoneSimulator.ActiveCfg = Release|Any CPU
		{558A388C-80FF-4416-8B09-BDA84126AEC5}.AppStore|iPhoneSimulator.Build.0 = Release|Any CPU
		{558A388C-80FF-4416-8B09-BDA84126AEC5}.AppStore|iPhoneSimulator.Deploy.0 = Release|Any CPU
		{558A388C-80FF-4416-8B09-BDA84126AEC5}.AppStore|x64.ActiveCfg = Release|Any CPU
		{558A388C-80FF-4416-8B09-BDA84126AEC5}.AppStore|x64.Build.0 = Release|Any CPU
		{558A388C-80FF-4416-8B09-BDA84126AEC5}.AppStore|x64.Deploy.0 = Release|Any CPU
		{558A388C-80FF-4416-8B09-BDA84126AEC5}.AppStore|x86.ActiveCfg = Release|Any CPU
		{558A388C-80FF-4416-8B09-BDA84126AEC5}.AppStore|x86.Build.0 = Release|Any CPU
		{558A388C-80FF-4416-8B09-BDA84126AEC5}.AppStore|x86.Deploy.0 = Release|Any CPU
		{558A388C-80FF-4416-8B09-BDA84126AEC5}.Debug|Any CPU.ActiveCfg = Debug|Any CPU
		{558A388C-80FF-4416-8B09-BDA84126AEC5}.Debug|Any CPU.Build.0 = Debug|Any CPU
		{558A388C-80FF-4416-8B09-BDA84126AEC5}.Debug|Any CPU.Deploy.0 = Debug|Any CPU
		{558A388C-80FF-4416-8B09-BDA84126AEC5}.Debug|ARM.ActiveCfg = Debug|Any CPU
		{558A388C-80FF-4416-8B09-BDA84126AEC5}.Debug|ARM.Build.0 = Debug|Any CPU
		{558A388C-80FF-4416-8B09-BDA84126AEC5}.Debug|ARM.Deploy.0 = Debug|Any CPU
		{558A388C-80FF-4416-8B09-BDA84126AEC5}.Debug|iPhone.ActiveCfg = Debug|Any CPU
		{558A388C-80FF-4416-8B09-BDA84126AEC5}.Debug|iPhone.Build.0 = Debug|Any CPU
		{558A388C-80FF-4416-8B09-BDA84126AEC5}.Debug|iPhone.Deploy.0 = Debug|Any CPU
		{558A388C-80FF-4416-8B09-BDA84126AEC5}.Debug|iPhoneSimulator.ActiveCfg = Debug|Any CPU
		{558A388C-80FF-4416-8B09-BDA84126AEC5}.Debug|iPhoneSimulator.Build.0 = Debug|Any CPU
		{558A388C-80FF-4416-8B09-BDA84126AEC5}.Debug|iPhoneSimulator.Deploy.0 = Debug|Any CPU
		{558A388C-80FF-4416-8B09-BDA84126AEC5}.Debug|x64.ActiveCfg = Debug|Any CPU
		{558A388C-80FF-4416-8B09-BDA84126AEC5}.Debug|x64.Build.0 = Debug|Any CPU
		{558A388C-80FF-4416-8B09-BDA84126AEC5}.Debug|x64.Deploy.0 = Debug|Any CPU
		{558A388C-80FF-4416-8B09-BDA84126AEC5}.Debug|x86.ActiveCfg = Debug|Any CPU
		{558A388C-80FF-4416-8B09-BDA84126AEC5}.Debug|x86.Build.0 = Debug|Any CPU
		{558A388C-80FF-4416-8B09-BDA84126AEC5}.Debug|x86.Deploy.0 = Debug|Any CPU
		{558A388C-80FF-4416-8B09-BDA84126AEC5}.Release|Any CPU.ActiveCfg = Release|Any CPU
		{558A388C-80FF-4416-8B09-BDA84126AEC5}.Release|Any CPU.Build.0 = Release|Any CPU
		{558A388C-80FF-4416-8B09-BDA84126AEC5}.Release|Any CPU.Deploy.0 = Release|Any CPU
		{558A388C-80FF-4416-8B09-BDA84126AEC5}.Release|ARM.ActiveCfg = Release|Any CPU
		{558A388C-80FF-4416-8B09-BDA84126AEC5}.Release|ARM.Build.0 = Release|Any CPU
		{558A388C-80FF-4416-8B09-BDA84126AEC5}.Release|ARM.Deploy.0 = Release|Any CPU
		{558A388C-80FF-4416-8B09-BDA84126AEC5}.Release|iPhone.ActiveCfg = Release|Any CPU
		{558A388C-80FF-4416-8B09-BDA84126AEC5}.Release|iPhone.Build.0 = Release|Any CPU
		{558A388C-80FF-4416-8B09-BDA84126AEC5}.Release|iPhone.Deploy.0 = Release|Any CPU
		{558A388C-80FF-4416-8B09-BDA84126AEC5}.Release|iPhoneSimulator.ActiveCfg = Release|Any CPU
		{558A388C-80FF-4416-8B09-BDA84126AEC5}.Release|iPhoneSimulator.Build.0 = Release|Any CPU
		{558A388C-80FF-4416-8B09-BDA84126AEC5}.Release|iPhoneSimulator.Deploy.0 = Release|Any CPU
		{558A388C-80FF-4416-8B09-BDA84126AEC5}.Release|x64.ActiveCfg = Release|Any CPU
		{558A388C-80FF-4416-8B09-BDA84126AEC5}.Release|x64.Build.0 = Release|Any CPU
		{558A388C-80FF-4416-8B09-BDA84126AEC5}.Release|x64.Deploy.0 = Release|Any CPU
		{558A388C-80FF-4416-8B09-BDA84126AEC5}.Release|x86.ActiveCfg = Release|Any CPU
		{558A388C-80FF-4416-8B09-BDA84126AEC5}.Release|x86.Build.0 = Release|Any CPU
		{558A388C-80FF-4416-8B09-BDA84126AEC5}.Release|x86.Deploy.0 = Release|Any CPU
		{C440B218-DF7B-43D8-8F0E-7D668713A9D4}.Ad-Hoc|Any CPU.ActiveCfg = Ad-Hoc|iPhone
		{C440B218-DF7B-43D8-8F0E-7D668713A9D4}.Ad-Hoc|Any CPU.Build.0 = Ad-Hoc|iPhone
		{C440B218-DF7B-43D8-8F0E-7D668713A9D4}.Ad-Hoc|Any CPU.Deploy.0 = Ad-Hoc|iPhone
		{C440B218-DF7B-43D8-8F0E-7D668713A9D4}.Ad-Hoc|ARM.ActiveCfg = Ad-Hoc|iPhone
		{C440B218-DF7B-43D8-8F0E-7D668713A9D4}.Ad-Hoc|ARM.Build.0 = Ad-Hoc|iPhone
		{C440B218-DF7B-43D8-8F0E-7D668713A9D4}.Ad-Hoc|ARM.Deploy.0 = Ad-Hoc|iPhone
		{C440B218-DF7B-43D8-8F0E-7D668713A9D4}.Ad-Hoc|iPhone.ActiveCfg = Ad-Hoc|iPhone
		{C440B218-DF7B-43D8-8F0E-7D668713A9D4}.Ad-Hoc|iPhone.Build.0 = Ad-Hoc|iPhone
		{C440B218-DF7B-43D8-8F0E-7D668713A9D4}.Ad-Hoc|iPhone.Deploy.0 = Ad-Hoc|iPhone
		{C440B218-DF7B-43D8-8F0E-7D668713A9D4}.Ad-Hoc|iPhoneSimulator.ActiveCfg = Ad-Hoc|iPhoneSimulator
		{C440B218-DF7B-43D8-8F0E-7D668713A9D4}.Ad-Hoc|iPhoneSimulator.Build.0 = Ad-Hoc|iPhoneSimulator
		{C440B218-DF7B-43D8-8F0E-7D668713A9D4}.Ad-Hoc|iPhoneSimulator.Deploy.0 = Ad-Hoc|iPhoneSimulator
		{C440B218-DF7B-43D8-8F0E-7D668713A9D4}.Ad-Hoc|x64.ActiveCfg = Ad-Hoc|iPhone
		{C440B218-DF7B-43D8-8F0E-7D668713A9D4}.Ad-Hoc|x64.Build.0 = Ad-Hoc|iPhone
		{C440B218-DF7B-43D8-8F0E-7D668713A9D4}.Ad-Hoc|x64.Deploy.0 = Ad-Hoc|iPhone
		{C440B218-DF7B-43D8-8F0E-7D668713A9D4}.Ad-Hoc|x86.ActiveCfg = Ad-Hoc|iPhone
		{C440B218-DF7B-43D8-8F0E-7D668713A9D4}.Ad-Hoc|x86.Build.0 = Ad-Hoc|iPhone
		{C440B218-DF7B-43D8-8F0E-7D668713A9D4}.Ad-Hoc|x86.Deploy.0 = Ad-Hoc|iPhone
		{C440B218-DF7B-43D8-8F0E-7D668713A9D4}.AppStore|Any CPU.ActiveCfg = AppStore|iPhone
		{C440B218-DF7B-43D8-8F0E-7D668713A9D4}.AppStore|Any CPU.Build.0 = AppStore|iPhone
		{C440B218-DF7B-43D8-8F0E-7D668713A9D4}.AppStore|Any CPU.Deploy.0 = AppStore|iPhone
		{C440B218-DF7B-43D8-8F0E-7D668713A9D4}.AppStore|ARM.ActiveCfg = AppStore|iPhone
		{C440B218-DF7B-43D8-8F0E-7D668713A9D4}.AppStore|ARM.Build.0 = AppStore|iPhone
		{C440B218-DF7B-43D8-8F0E-7D668713A9D4}.AppStore|ARM.Deploy.0 = AppStore|iPhone
		{C440B218-DF7B-43D8-8F0E-7D668713A9D4}.AppStore|iPhone.ActiveCfg = AppStore|iPhone
		{C440B218-DF7B-43D8-8F0E-7D668713A9D4}.AppStore|iPhone.Build.0 = AppStore|iPhone
		{C440B218-DF7B-43D8-8F0E-7D668713A9D4}.AppStore|iPhone.Deploy.0 = AppStore|iPhone
		{C440B218-DF7B-43D8-8F0E-7D668713A9D4}.AppStore|iPhoneSimulator.ActiveCfg = AppStore|iPhoneSimulator
		{C440B218-DF7B-43D8-8F0E-7D668713A9D4}.AppStore|iPhoneSimulator.Build.0 = AppStore|iPhoneSimulator
		{C440B218-DF7B-43D8-8F0E-7D668713A9D4}.AppStore|iPhoneSimulator.Deploy.0 = AppStore|iPhoneSimulator
		{C440B218-DF7B-43D8-8F0E-7D668713A9D4}.AppStore|x64.ActiveCfg = AppStore|iPhone
		{C440B218-DF7B-43D8-8F0E-7D668713A9D4}.AppStore|x64.Build.0 = AppStore|iPhone
		{C440B218-DF7B-43D8-8F0E-7D668713A9D4}.AppStore|x64.Deploy.0 = AppStore|iPhone
		{C440B218-DF7B-43D8-8F0E-7D668713A9D4}.AppStore|x86.ActiveCfg = AppStore|iPhone
		{C440B218-DF7B-43D8-8F0E-7D668713A9D4}.AppStore|x86.Build.0 = AppStore|iPhone
		{C440B218-DF7B-43D8-8F0E-7D668713A9D4}.AppStore|x86.Deploy.0 = AppStore|iPhone
		{C440B218-DF7B-43D8-8F0E-7D668713A9D4}.Debug|Any CPU.ActiveCfg = Debug|iPhoneSimulator
		{C440B218-DF7B-43D8-8F0E-7D668713A9D4}.Debug|Any CPU.Build.0 = Debug|iPhoneSimulator
		{C440B218-DF7B-43D8-8F0E-7D668713A9D4}.Debug|Any CPU.Deploy.0 = Debug|iPhoneSimulator
		{C440B218-DF7B-43D8-8F0E-7D668713A9D4}.Debug|ARM.ActiveCfg = Debug|iPhone
		{C440B218-DF7B-43D8-8F0E-7D668713A9D4}.Debug|ARM.Build.0 = Debug|iPhone
		{C440B218-DF7B-43D8-8F0E-7D668713A9D4}.Debug|ARM.Deploy.0 = Debug|iPhone
		{C440B218-DF7B-43D8-8F0E-7D668713A9D4}.Debug|iPhone.ActiveCfg = Debug|iPhone
		{C440B218-DF7B-43D8-8F0E-7D668713A9D4}.Debug|iPhone.Build.0 = Debug|iPhone
		{C440B218-DF7B-43D8-8F0E-7D668713A9D4}.Debug|iPhone.Deploy.0 = Debug|iPhone
		{C440B218-DF7B-43D8-8F0E-7D668713A9D4}.Debug|iPhoneSimulator.ActiveCfg = Debug|iPhoneSimulator
		{C440B218-DF7B-43D8-8F0E-7D668713A9D4}.Debug|iPhoneSimulator.Build.0 = Debug|iPhoneSimulator
		{C440B218-DF7B-43D8-8F0E-7D668713A9D4}.Debug|iPhoneSimulator.Deploy.0 = Debug|iPhoneSimulator
		{C440B218-DF7B-43D8-8F0E-7D668713A9D4}.Debug|x64.ActiveCfg = Debug|iPhone
		{C440B218-DF7B-43D8-8F0E-7D668713A9D4}.Debug|x64.Build.0 = Debug|iPhone
		{C440B218-DF7B-43D8-8F0E-7D668713A9D4}.Debug|x64.Deploy.0 = Debug|iPhone
		{C440B218-DF7B-43D8-8F0E-7D668713A9D4}.Debug|x86.ActiveCfg = Debug|iPhone
		{C440B218-DF7B-43D8-8F0E-7D668713A9D4}.Debug|x86.Build.0 = Debug|iPhone
		{C440B218-DF7B-43D8-8F0E-7D668713A9D4}.Debug|x86.Deploy.0 = Debug|iPhone
		{C440B218-DF7B-43D8-8F0E-7D668713A9D4}.Release|Any CPU.ActiveCfg = Release|iPhone
		{C440B218-DF7B-43D8-8F0E-7D668713A9D4}.Release|Any CPU.Build.0 = Release|iPhone
		{C440B218-DF7B-43D8-8F0E-7D668713A9D4}.Release|Any CPU.Deploy.0 = Release|iPhone
		{C440B218-DF7B-43D8-8F0E-7D668713A9D4}.Release|ARM.ActiveCfg = Release|iPhone
		{C440B218-DF7B-43D8-8F0E-7D668713A9D4}.Release|ARM.Build.0 = Release|iPhone
		{C440B218-DF7B-43D8-8F0E-7D668713A9D4}.Release|ARM.Deploy.0 = Release|iPhone
		{C440B218-DF7B-43D8-8F0E-7D668713A9D4}.Release|iPhone.ActiveCfg = Release|iPhone
		{C440B218-DF7B-43D8-8F0E-7D668713A9D4}.Release|iPhone.Build.0 = Release|iPhone
		{C440B218-DF7B-43D8-8F0E-7D668713A9D4}.Release|iPhone.Deploy.0 = Release|iPhone
		{C440B218-DF7B-43D8-8F0E-7D668713A9D4}.Release|iPhoneSimulator.ActiveCfg = Release|iPhoneSimulator
		{C440B218-DF7B-43D8-8F0E-7D668713A9D4}.Release|iPhoneSimulator.Build.0 = Release|iPhoneSimulator
		{C440B218-DF7B-43D8-8F0E-7D668713A9D4}.Release|iPhoneSimulator.Deploy.0 = Release|iPhoneSimulator
		{C440B218-DF7B-43D8-8F0E-7D668713A9D4}.Release|x64.ActiveCfg = Release|iPhone
		{C440B218-DF7B-43D8-8F0E-7D668713A9D4}.Release|x64.Build.0 = Release|iPhone
		{C440B218-DF7B-43D8-8F0E-7D668713A9D4}.Release|x64.Deploy.0 = Release|iPhone
		{C440B218-DF7B-43D8-8F0E-7D668713A9D4}.Release|x86.ActiveCfg = Release|iPhone
		{C440B218-DF7B-43D8-8F0E-7D668713A9D4}.Release|x86.Build.0 = Release|iPhone
		{C440B218-DF7B-43D8-8F0E-7D668713A9D4}.Release|x86.Deploy.0 = Release|iPhone
		{AF04D13E-9D22-4D88-97B1-AB5D56A39AC4}.Ad-Hoc|Any CPU.ActiveCfg = Release|x86
		{AF04D13E-9D22-4D88-97B1-AB5D56A39AC4}.Ad-Hoc|Any CPU.Build.0 = Release|x86
		{AF04D13E-9D22-4D88-97B1-AB5D56A39AC4}.Ad-Hoc|Any CPU.Deploy.0 = Release|x86
		{AF04D13E-9D22-4D88-97B1-AB5D56A39AC4}.Ad-Hoc|ARM.ActiveCfg = Release|ARM
		{AF04D13E-9D22-4D88-97B1-AB5D56A39AC4}.Ad-Hoc|ARM.Build.0 = Release|ARM
		{AF04D13E-9D22-4D88-97B1-AB5D56A39AC4}.Ad-Hoc|ARM.Deploy.0 = Release|ARM
		{AF04D13E-9D22-4D88-97B1-AB5D56A39AC4}.Ad-Hoc|iPhone.ActiveCfg = Release|x86
		{AF04D13E-9D22-4D88-97B1-AB5D56A39AC4}.Ad-Hoc|iPhone.Build.0 = Release|x86
		{AF04D13E-9D22-4D88-97B1-AB5D56A39AC4}.Ad-Hoc|iPhone.Deploy.0 = Release|x86
		{AF04D13E-9D22-4D88-97B1-AB5D56A39AC4}.Ad-Hoc|iPhoneSimulator.ActiveCfg = Release|x86
		{AF04D13E-9D22-4D88-97B1-AB5D56A39AC4}.Ad-Hoc|iPhoneSimulator.Build.0 = Release|x86
		{AF04D13E-9D22-4D88-97B1-AB5D56A39AC4}.Ad-Hoc|iPhoneSimulator.Deploy.0 = Release|x86
		{AF04D13E-9D22-4D88-97B1-AB5D56A39AC4}.Ad-Hoc|x64.ActiveCfg = Release|x64
		{AF04D13E-9D22-4D88-97B1-AB5D56A39AC4}.Ad-Hoc|x64.Build.0 = Release|x64
		{AF04D13E-9D22-4D88-97B1-AB5D56A39AC4}.Ad-Hoc|x64.Deploy.0 = Release|x64
		{AF04D13E-9D22-4D88-97B1-AB5D56A39AC4}.Ad-Hoc|x86.ActiveCfg = Release|x86
		{AF04D13E-9D22-4D88-97B1-AB5D56A39AC4}.Ad-Hoc|x86.Build.0 = Release|x86
		{AF04D13E-9D22-4D88-97B1-AB5D56A39AC4}.Ad-Hoc|x86.Deploy.0 = Release|x86
		{AF04D13E-9D22-4D88-97B1-AB5D56A39AC4}.AppStore|Any CPU.ActiveCfg = Release|x86
		{AF04D13E-9D22-4D88-97B1-AB5D56A39AC4}.AppStore|Any CPU.Build.0 = Release|x86
		{AF04D13E-9D22-4D88-97B1-AB5D56A39AC4}.AppStore|Any CPU.Deploy.0 = Release|x86
		{AF04D13E-9D22-4D88-97B1-AB5D56A39AC4}.AppStore|ARM.ActiveCfg = Release|ARM
		{AF04D13E-9D22-4D88-97B1-AB5D56A39AC4}.AppStore|ARM.Build.0 = Release|ARM
		{AF04D13E-9D22-4D88-97B1-AB5D56A39AC4}.AppStore|ARM.Deploy.0 = Release|ARM
		{AF04D13E-9D22-4D88-97B1-AB5D56A39AC4}.AppStore|iPhone.ActiveCfg = Release|x86
		{AF04D13E-9D22-4D88-97B1-AB5D56A39AC4}.AppStore|iPhone.Build.0 = Release|x86
		{AF04D13E-9D22-4D88-97B1-AB5D56A39AC4}.AppStore|iPhone.Deploy.0 = Release|x86
		{AF04D13E-9D22-4D88-97B1-AB5D56A39AC4}.AppStore|iPhoneSimulator.ActiveCfg = Release|x86
		{AF04D13E-9D22-4D88-97B1-AB5D56A39AC4}.AppStore|iPhoneSimulator.Build.0 = Release|x86
		{AF04D13E-9D22-4D88-97B1-AB5D56A39AC4}.AppStore|iPhoneSimulator.Deploy.0 = Release|x86
		{AF04D13E-9D22-4D88-97B1-AB5D56A39AC4}.AppStore|x64.ActiveCfg = Release|x64
		{AF04D13E-9D22-4D88-97B1-AB5D56A39AC4}.AppStore|x64.Build.0 = Release|x64
		{AF04D13E-9D22-4D88-97B1-AB5D56A39AC4}.AppStore|x64.Deploy.0 = Release|x64
		{AF04D13E-9D22-4D88-97B1-AB5D56A39AC4}.AppStore|x86.ActiveCfg = Release|x86
		{AF04D13E-9D22-4D88-97B1-AB5D56A39AC4}.AppStore|x86.Build.0 = Release|x86
		{AF04D13E-9D22-4D88-97B1-AB5D56A39AC4}.AppStore|x86.Deploy.0 = Release|x86
		{AF04D13E-9D22-4D88-97B1-AB5D56A39AC4}.Debug|Any CPU.ActiveCfg = Debug|x86
		{AF04D13E-9D22-4D88-97B1-AB5D56A39AC4}.Debug|Any CPU.Build.0 = Debug|x86
		{AF04D13E-9D22-4D88-97B1-AB5D56A39AC4}.Debug|Any CPU.Deploy.0 = Debug|x86
		{AF04D13E-9D22-4D88-97B1-AB5D56A39AC4}.Debug|ARM.ActiveCfg = Debug|ARM
		{AF04D13E-9D22-4D88-97B1-AB5D56A39AC4}.Debug|ARM.Build.0 = Debug|ARM
		{AF04D13E-9D22-4D88-97B1-AB5D56A39AC4}.Debug|ARM.Deploy.0 = Debug|ARM
		{AF04D13E-9D22-4D88-97B1-AB5D56A39AC4}.Debug|iPhone.ActiveCfg = Debug|x86
		{AF04D13E-9D22-4D88-97B1-AB5D56A39AC4}.Debug|iPhone.Build.0 = Debug|x86
		{AF04D13E-9D22-4D88-97B1-AB5D56A39AC4}.Debug|iPhone.Deploy.0 = Debug|x86
		{AF04D13E-9D22-4D88-97B1-AB5D56A39AC4}.Debug|iPhoneSimulator.ActiveCfg = Debug|x86
		{AF04D13E-9D22-4D88-97B1-AB5D56A39AC4}.Debug|iPhoneSimulator.Build.0 = Debug|x86
		{AF04D13E-9D22-4D88-97B1-AB5D56A39AC4}.Debug|iPhoneSimulator.Deploy.0 = Debug|x86
		{AF04D13E-9D22-4D88-97B1-AB5D56A39AC4}.Debug|x64.ActiveCfg = Debug|x64
		{AF04D13E-9D22-4D88-97B1-AB5D56A39AC4}.Debug|x64.Build.0 = Debug|x64
		{AF04D13E-9D22-4D88-97B1-AB5D56A39AC4}.Debug|x64.Deploy.0 = Debug|x64
		{AF04D13E-9D22-4D88-97B1-AB5D56A39AC4}.Debug|x86.ActiveCfg = Debug|x86
		{AF04D13E-9D22-4D88-97B1-AB5D56A39AC4}.Debug|x86.Build.0 = Debug|x86
		{AF04D13E-9D22-4D88-97B1-AB5D56A39AC4}.Debug|x86.Deploy.0 = Debug|x86
		{AF04D13E-9D22-4D88-97B1-AB5D56A39AC4}.Release|Any CPU.ActiveCfg = Release|x86
		{AF04D13E-9D22-4D88-97B1-AB5D56A39AC4}.Release|Any CPU.Build.0 = Release|x86
		{AF04D13E-9D22-4D88-97B1-AB5D56A39AC4}.Release|Any CPU.Deploy.0 = Release|x86
		{AF04D13E-9D22-4D88-97B1-AB5D56A39AC4}.Release|ARM.ActiveCfg = Release|ARM
		{AF04D13E-9D22-4D88-97B1-AB5D56A39AC4}.Release|ARM.Build.0 = Release|ARM
		{AF04D13E-9D22-4D88-97B1-AB5D56A39AC4}.Release|ARM.Deploy.0 = Release|ARM
		{AF04D13E-9D22-4D88-97B1-AB5D56A39AC4}.Release|iPhone.ActiveCfg = Release|x86
		{AF04D13E-9D22-4D88-97B1-AB5D56A39AC4}.Release|iPhone.Build.0 = Release|x86
		{AF04D13E-9D22-4D88-97B1-AB5D56A39AC4}.Release|iPhone.Deploy.0 = Release|x86
		{AF04D13E-9D22-4D88-97B1-AB5D56A39AC4}.Release|iPhoneSimulator.ActiveCfg = Release|x86
		{AF04D13E-9D22-4D88-97B1-AB5D56A39AC4}.Release|iPhoneSimulator.Build.0 = Release|x86
		{AF04D13E-9D22-4D88-97B1-AB5D56A39AC4}.Release|iPhoneSimulator.Deploy.0 = Release|x86
		{AF04D13E-9D22-4D88-97B1-AB5D56A39AC4}.Release|x64.ActiveCfg = Release|x64
		{AF04D13E-9D22-4D88-97B1-AB5D56A39AC4}.Release|x64.Build.0 = Release|x64
		{AF04D13E-9D22-4D88-97B1-AB5D56A39AC4}.Release|x64.Deploy.0 = Release|x64
		{AF04D13E-9D22-4D88-97B1-AB5D56A39AC4}.Release|x86.ActiveCfg = Release|x86
		{AF04D13E-9D22-4D88-97B1-AB5D56A39AC4}.Release|x86.Build.0 = Release|x86
		{AF04D13E-9D22-4D88-97B1-AB5D56A39AC4}.Release|x86.Deploy.0 = Release|x86
		{5C982659-FAD9-486C-B564-84E9849250C3}.Ad-Hoc|Any CPU.ActiveCfg = Debug|Any CPU
		{5C982659-FAD9-486C-B564-84E9849250C3}.Ad-Hoc|Any CPU.Build.0 = Debug|Any CPU
		{5C982659-FAD9-486C-B564-84E9849250C3}.Ad-Hoc|Any CPU.Deploy.0 = Debug|Any CPU
		{5C982659-FAD9-486C-B564-84E9849250C3}.Ad-Hoc|ARM.ActiveCfg = Debug|Any CPU
		{5C982659-FAD9-486C-B564-84E9849250C3}.Ad-Hoc|ARM.Build.0 = Debug|Any CPU
		{5C982659-FAD9-486C-B564-84E9849250C3}.Ad-Hoc|ARM.Deploy.0 = Debug|Any CPU
		{5C982659-FAD9-486C-B564-84E9849250C3}.Ad-Hoc|iPhone.ActiveCfg = Debug|Any CPU
		{5C982659-FAD9-486C-B564-84E9849250C3}.Ad-Hoc|iPhone.Build.0 = Debug|Any CPU
		{5C982659-FAD9-486C-B564-84E9849250C3}.Ad-Hoc|iPhone.Deploy.0 = Debug|Any CPU
		{5C982659-FAD9-486C-B564-84E9849250C3}.Ad-Hoc|iPhoneSimulator.ActiveCfg = Debug|Any CPU
		{5C982659-FAD9-486C-B564-84E9849250C3}.Ad-Hoc|iPhoneSimulator.Build.0 = Debug|Any CPU
		{5C982659-FAD9-486C-B564-84E9849250C3}.Ad-Hoc|iPhoneSimulator.Deploy.0 = Debug|Any CPU
		{5C982659-FAD9-486C-B564-84E9849250C3}.Ad-Hoc|x64.ActiveCfg = Debug|Any CPU
		{5C982659-FAD9-486C-B564-84E9849250C3}.Ad-Hoc|x64.Build.0 = Debug|Any CPU
		{5C982659-FAD9-486C-B564-84E9849250C3}.Ad-Hoc|x64.Deploy.0 = Debug|Any CPU
		{5C982659-FAD9-486C-B564-84E9849250C3}.Ad-Hoc|x86.ActiveCfg = Debug|Any CPU
		{5C982659-FAD9-486C-B564-84E9849250C3}.Ad-Hoc|x86.Build.0 = Debug|Any CPU
		{5C982659-FAD9-486C-B564-84E9849250C3}.Ad-Hoc|x86.Deploy.0 = Debug|Any CPU
		{5C982659-FAD9-486C-B564-84E9849250C3}.AppStore|Any CPU.ActiveCfg = Debug|Any CPU
		{5C982659-FAD9-486C-B564-84E9849250C3}.AppStore|Any CPU.Build.0 = Debug|Any CPU
		{5C982659-FAD9-486C-B564-84E9849250C3}.AppStore|Any CPU.Deploy.0 = Debug|Any CPU
		{5C982659-FAD9-486C-B564-84E9849250C3}.AppStore|ARM.ActiveCfg = Debug|Any CPU
		{5C982659-FAD9-486C-B564-84E9849250C3}.AppStore|ARM.Build.0 = Debug|Any CPU
		{5C982659-FAD9-486C-B564-84E9849250C3}.AppStore|ARM.Deploy.0 = Debug|Any CPU
		{5C982659-FAD9-486C-B564-84E9849250C3}.AppStore|iPhone.ActiveCfg = Debug|Any CPU
		{5C982659-FAD9-486C-B564-84E9849250C3}.AppStore|iPhone.Build.0 = Debug|Any CPU
		{5C982659-FAD9-486C-B564-84E9849250C3}.AppStore|iPhone.Deploy.0 = Debug|Any CPU
		{5C982659-FAD9-486C-B564-84E9849250C3}.AppStore|iPhoneSimulator.ActiveCfg = Debug|Any CPU
		{5C982659-FAD9-486C-B564-84E9849250C3}.AppStore|iPhoneSimulator.Build.0 = Debug|Any CPU
		{5C982659-FAD9-486C-B564-84E9849250C3}.AppStore|iPhoneSimulator.Deploy.0 = Debug|Any CPU
		{5C982659-FAD9-486C-B564-84E9849250C3}.AppStore|x64.ActiveCfg = Debug|Any CPU
		{5C982659-FAD9-486C-B564-84E9849250C3}.AppStore|x64.Build.0 = Debug|Any CPU
		{5C982659-FAD9-486C-B564-84E9849250C3}.AppStore|x64.Deploy.0 = Debug|Any CPU
		{5C982659-FAD9-486C-B564-84E9849250C3}.AppStore|x86.ActiveCfg = Debug|Any CPU
		{5C982659-FAD9-486C-B564-84E9849250C3}.AppStore|x86.Build.0 = Debug|Any CPU
		{5C982659-FAD9-486C-B564-84E9849250C3}.AppStore|x86.Deploy.0 = Debug|Any CPU
		{5C982659-FAD9-486C-B564-84E9849250C3}.Debug|Any CPU.ActiveCfg = Debug|Any CPU
		{5C982659-FAD9-486C-B564-84E9849250C3}.Debug|Any CPU.Build.0 = Debug|Any CPU
		{5C982659-FAD9-486C-B564-84E9849250C3}.Debug|Any CPU.Deploy.0 = Debug|Any CPU
		{5C982659-FAD9-486C-B564-84E9849250C3}.Debug|ARM.ActiveCfg = Debug|Any CPU
		{5C982659-FAD9-486C-B564-84E9849250C3}.Debug|ARM.Build.0 = Debug|Any CPU
		{5C982659-FAD9-486C-B564-84E9849250C3}.Debug|ARM.Deploy.0 = Debug|Any CPU
		{5C982659-FAD9-486C-B564-84E9849250C3}.Debug|iPhone.ActiveCfg = Debug|Any CPU
		{5C982659-FAD9-486C-B564-84E9849250C3}.Debug|iPhone.Build.0 = Debug|Any CPU
		{5C982659-FAD9-486C-B564-84E9849250C3}.Debug|iPhone.Deploy.0 = Debug|Any CPU
		{5C982659-FAD9-486C-B564-84E9849250C3}.Debug|iPhoneSimulator.ActiveCfg = Debug|Any CPU
		{5C982659-FAD9-486C-B564-84E9849250C3}.Debug|iPhoneSimulator.Build.0 = Debug|Any CPU
		{5C982659-FAD9-486C-B564-84E9849250C3}.Debug|iPhoneSimulator.Deploy.0 = Debug|Any CPU
		{5C982659-FAD9-486C-B564-84E9849250C3}.Debug|x64.ActiveCfg = Debug|Any CPU
		{5C982659-FAD9-486C-B564-84E9849250C3}.Debug|x64.Build.0 = Debug|Any CPU
		{5C982659-FAD9-486C-B564-84E9849250C3}.Debug|x64.Deploy.0 = Debug|Any CPU
		{5C982659-FAD9-486C-B564-84E9849250C3}.Debug|x86.ActiveCfg = Debug|Any CPU
		{5C982659-FAD9-486C-B564-84E9849250C3}.Debug|x86.Build.0 = Debug|Any CPU
		{5C982659-FAD9-486C-B564-84E9849250C3}.Debug|x86.Deploy.0 = Debug|Any CPU
		{5C982659-FAD9-486C-B564-84E9849250C3}.Release|Any CPU.ActiveCfg = Release|Any CPU
		{5C982659-FAD9-486C-B564-84E9849250C3}.Release|Any CPU.Build.0 = Release|Any CPU
		{5C982659-FAD9-486C-B564-84E9849250C3}.Release|Any CPU.Deploy.0 = Release|Any CPU
		{5C982659-FAD9-486C-B564-84E9849250C3}.Release|ARM.ActiveCfg = Release|Any CPU
		{5C982659-FAD9-486C-B564-84E9849250C3}.Release|ARM.Build.0 = Release|Any CPU
		{5C982659-FAD9-486C-B564-84E9849250C3}.Release|ARM.Deploy.0 = Release|Any CPU
		{5C982659-FAD9-486C-B564-84E9849250C3}.Release|iPhone.ActiveCfg = Release|Any CPU
		{5C982659-FAD9-486C-B564-84E9849250C3}.Release|iPhone.Build.0 = Release|Any CPU
		{5C982659-FAD9-486C-B564-84E9849250C3}.Release|iPhone.Deploy.0 = Release|Any CPU
		{5C982659-FAD9-486C-B564-84E9849250C3}.Release|iPhoneSimulator.ActiveCfg = Release|Any CPU
		{5C982659-FAD9-486C-B564-84E9849250C3}.Release|iPhoneSimulator.Build.0 = Release|Any CPU
		{5C982659-FAD9-486C-B564-84E9849250C3}.Release|iPhoneSimulator.Deploy.0 = Release|Any CPU
		{5C982659-FAD9-486C-B564-84E9849250C3}.Release|x64.ActiveCfg = Release|Any CPU
		{5C982659-FAD9-486C-B564-84E9849250C3}.Release|x64.Build.0 = Release|Any CPU
		{5C982659-FAD9-486C-B564-84E9849250C3}.Release|x64.Deploy.0 = Release|Any CPU
		{5C982659-FAD9-486C-B564-84E9849250C3}.Release|x86.ActiveCfg = Release|Any CPU
		{5C982659-FAD9-486C-B564-84E9849250C3}.Release|x86.Build.0 = Release|Any CPU
		{5C982659-FAD9-486C-B564-84E9849250C3}.Release|x86.Deploy.0 = Release|Any CPU
	EndGlobalSection
	GlobalSection(SolutionProperties) = preSolution
		HideSolutionNode = FALSE
	EndGlobalSection
	GlobalSection(ExtensibilityGlobals) = postSolution
		SolutionGuid = {AC94655C-45EF-4081-A78A-7D5891C06402}
	EndGlobalSection
EndGlobal
