
Microsoft Visual Studio Solution File, Format Version 12.00
# Visual Studio 15
VisualStudioVersion = 15.0.28307.421
MinimumVisualStudioVersion = 10.0.40219.1
Project("{FAE04EC0-301F-11D3-BF4B-00C04F79EFBC}") = "XFGridSpan.Android", "XFGridSpan\XFGridSpan.Android\XFGridSpan.Android.csproj", "{F9459C6E-0683-4C18-BCC0-43F76401DE64}"
EndProject
Project("{FAE04EC0-301F-11D3-BF4B-00C04F79EFBC}") = "XFGridSpan.iOS", "XFGridSpan\XFGridSpan.iOS\XFGridSpan.iOS.csproj", "{E6FE271C-73A8-47ED-96CB-B268799EEC3D}"
EndProject
Project("{FAE04EC0-301F-11D3-BF4B-00C04F79EFBC}") = "XFGridSpan.UWP", "XFGridSpan\XFGridSpan.UWP\XFGridSpan.UWP.csproj", "{B222B4BF-8629-40E8-93F3-E26BFF03DCC7}"
EndProject
Project("{FAE04EC0-301F-11D3-BF4B-00C04F79EFBC}") = "XFGridSpan", "XFGridSpan\XFGridSpan\XFGridSpan.csproj", "{1B121537-786D-4C7E-81C7-377DF4D3B287}"
EndProject
Global
	GlobalSection(SolutionConfigurationPlatforms) = preSolution
		Ad-Hoc|Any CPU = Ad-Hoc|Any CPU
		Ad-Hoc|ARM = Ad-Hoc|ARM
		Ad-Hoc|iPhone = Ad-Hoc|iPhone
		Ad-Hoc|iPhoneSimulator = Ad-Hoc|iPhoneSimulator
		Ad-Hoc|x64 = Ad-Hoc|x64
		Ad-Hoc|x86 = Ad-Hoc|x86
		AppStore|Any CPU = AppStore|Any CPU
		AppStore|ARM = AppStore|ARM
		AppStore|iPhone = AppStore|iPhone
		AppStore|iPhoneSimulator = AppStore|iPhoneSimulator
		AppStore|x64 = AppStore|x64
		AppStore|x86 = AppStore|x86
		Debug|Any CPU = Debug|Any CPU
		Debug|ARM = Debug|ARM
		Debug|iPhone = Debug|iPhone
		Debug|iPhoneSimulator = Debug|iPhoneSimulator
		Debug|x64 = Debug|x64
		Debug|x86 = Debug|x86
		Release|Any CPU = Release|Any CPU
		Release|ARM = Release|ARM
		Release|iPhone = Release|iPhone
		Release|iPhoneSimulator = Release|iPhoneSimulator
		Release|x64 = Release|x64
		Release|x86 = Release|x86
	EndGlobalSection
	GlobalSection(ProjectConfigurationPlatforms) = postSolution
		{F9459C6E-0683-4C18-BCC0-43F76401DE64}.Ad-Hoc|Any CPU.ActiveCfg = Release|Any CPU
		{F9459C6E-0683-4C18-BCC0-43F76401DE64}.Ad-Hoc|Any CPU.Build.0 = Release|Any CPU
		{F9459C6E-0683-4C18-BCC0-43F76401DE64}.Ad-Hoc|Any CPU.Deploy.0 = Release|Any CPU
		{F9459C6E-0683-4C18-BCC0-43F76401DE64}.Ad-Hoc|ARM.ActiveCfg = Release|Any CPU
		{F9459C6E-0683-4C18-BCC0-43F76401DE64}.Ad-Hoc|ARM.Build.0 = Release|Any CPU
		{F9459C6E-0683-4C18-BCC0-43F76401DE64}.Ad-Hoc|ARM.Deploy.0 = Release|Any CPU
		{F9459C6E-0683-4C18-BCC0-43F76401DE64}.Ad-Hoc|iPhone.ActiveCfg = Release|Any CPU
		{F9459C6E-0683-4C18-BCC0-43F76401DE64}.Ad-Hoc|iPhone.Build.0 = Release|Any CPU
		{F9459C6E-0683-4C18-BCC0-43F76401DE64}.Ad-Hoc|iPhone.Deploy.0 = Release|Any CPU
		{F9459C6E-0683-4C18-BCC0-43F76401DE64}.Ad-Hoc|iPhoneSimulator.ActiveCfg = Release|Any CPU
		{F9459C6E-0683-4C18-BCC0-43F76401DE64}.Ad-Hoc|iPhoneSimulator.Build.0 = Release|Any CPU
		{F9459C6E-0683-4C18-BCC0-43F76401DE64}.Ad-Hoc|iPhoneSimulator.Deploy.0 = Release|Any CPU
		{F9459C6E-0683-4C18-BCC0-43F76401DE64}.Ad-Hoc|x64.ActiveCfg = Release|Any CPU
		{F9459C6E-0683-4C18-BCC0-43F76401DE64}.Ad-Hoc|x64.Build.0 = Release|Any CPU
		{F9459C6E-0683-4C18-BCC0-43F76401DE64}.Ad-Hoc|x64.Deploy.0 = Release|Any CPU
		{F9459C6E-0683-4C18-BCC0-43F76401DE64}.Ad-Hoc|x86.ActiveCfg = Release|Any CPU
		{F9459C6E-0683-4C18-BCC0-43F76401DE64}.Ad-Hoc|x86.Build.0 = Release|Any CPU
		{F9459C6E-0683-4C18-BCC0-43F76401DE64}.Ad-Hoc|x86.Deploy.0 = Release|Any CPU
		{F9459C6E-0683-4C18-BCC0-43F76401DE64}.AppStore|Any CPU.ActiveCfg = Release|Any CPU
		{F9459C6E-0683-4C18-BCC0-43F76401DE64}.AppStore|Any CPU.Build.0 = Release|Any CPU
		{F9459C6E-0683-4C18-BCC0-43F76401DE64}.AppStore|Any CPU.Deploy.0 = Release|Any CPU
		{F9459C6E-0683-4C18-BCC0-43F76401DE64}.AppStore|ARM.ActiveCfg = Release|Any CPU
		{F9459C6E-0683-4C18-BCC0-43F76401DE64}.AppStore|ARM.Build.0 = Release|Any CPU
		{F9459C6E-0683-4C18-BCC0-43F76401DE64}.AppStore|ARM.Deploy.0 = Release|Any CPU
		{F9459C6E-0683-4C18-BCC0-43F76401DE64}.AppStore|iPhone.ActiveCfg = Release|Any CPU
		{F9459C6E-0683-4C18-BCC0-43F76401DE64}.AppStore|iPhone.Build.0 = Release|Any CPU
		{F9459C6E-0683-4C18-BCC0-43F76401DE64}.AppStore|iPhone.Deploy.0 = Release|Any CPU
		{F9459C6E-0683-4C18-BCC0-43F76401DE64}.AppStore|iPhoneSimulator.ActiveCfg = Release|Any CPU
		{F9459C6E-0683-4C18-BCC0-43F76401DE64}.AppStore|iPhoneSimulator.Build.0 = Release|Any CPU
		{F9459C6E-0683-4C18-BCC0-43F76401DE64}.AppStore|iPhoneSimulator.Deploy.0 = Release|Any CPU
		{F9459C6E-0683-4C18-BCC0-43F76401DE64}.AppStore|x64.ActiveCfg = Release|Any CPU
		{F9459C6E-0683-4C18-BCC0-43F76401DE64}.AppStore|x64.Build.0 = Release|Any CPU
		{F9459C6E-0683-4C18-BCC0-43F76401DE64}.AppStore|x64.Deploy.0 = Release|Any CPU
		{F9459C6E-0683-4C18-BCC0-43F76401DE64}.AppStore|x86.ActiveCfg = Release|Any CPU
		{F9459C6E-0683-4C18-BCC0-43F76401DE64}.AppStore|x86.Build.0 = Release|Any CPU
		{F9459C6E-0683-4C18-BCC0-43F76401DE64}.AppStore|x86.Deploy.0 = Release|Any CPU
		{F9459C6E-0683-4C18-BCC0-43F76401DE64}.Debug|Any CPU.ActiveCfg = Debug|Any CPU
		{F9459C6E-0683-4C18-BCC0-43F76401DE64}.Debug|Any CPU.Build.0 = Debug|Any CPU
		{F9459C6E-0683-4C18-BCC0-43F76401DE64}.Debug|Any CPU.Deploy.0 = Debug|Any CPU
		{F9459C6E-0683-4C18-BCC0-43F76401DE64}.Debug|ARM.ActiveCfg = Debug|Any CPU
		{F9459C6E-0683-4C18-BCC0-43F76401DE64}.Debug|ARM.Build.0 = Debug|Any CPU
		{F9459C6E-0683-4C18-BCC0-43F76401DE64}.Debug|ARM.Deploy.0 = Debug|Any CPU
		{F9459C6E-0683-4C18-BCC0-43F76401DE64}.Debug|iPhone.ActiveCfg = Debug|Any CPU
		{F9459C6E-0683-4C18-BCC0-43F76401DE64}.Debug|iPhone.Build.0 = Debug|Any CPU
		{F9459C6E-0683-4C18-BCC0-43F76401DE64}.Debug|iPhone.Deploy.0 = Debug|Any CPU
		{F9459C6E-0683-4C18-BCC0-43F76401DE64}.Debug|iPhoneSimulator.ActiveCfg = Debug|Any CPU
		{F9459C6E-0683-4C18-BCC0-43F76401DE64}.Debug|iPhoneSimulator.Build.0 = Debug|Any CPU
		{F9459C6E-0683-4C18-BCC0-43F76401DE64}.Debug|iPhoneSimulator.Deploy.0 = Debug|Any CPU
		{F9459C6E-0683-4C18-BCC0-43F76401DE64}.Debug|x64.ActiveCfg = Debug|Any CPU
		{F9459C6E-0683-4C18-BCC0-43F76401DE64}.Debug|x64.Build.0 = Debug|Any CPU
		{F9459C6E-0683-4C18-BCC0-43F76401DE64}.Debug|x64.Deploy.0 = Debug|Any CPU
		{F9459C6E-0683-4C18-BCC0-43F76401DE64}.Debug|x86.ActiveCfg = Debug|Any CPU
		{F9459C6E-0683-4C18-BCC0-43F76401DE64}.Debug|x86.Build.0 = Debug|Any CPU
		{F9459C6E-0683-4C18-BCC0-43F76401DE64}.Debug|x86.Deploy.0 = Debug|Any CPU
		{F9459C6E-0683-4C18-BCC0-43F76401DE64}.Release|Any CPU.ActiveCfg = Release|Any CPU
		{F9459C6E-0683-4C18-BCC0-43F76401DE64}.Release|Any CPU.Build.0 = Release|Any CPU
		{F9459C6E-0683-4C18-BCC0-43F76401DE64}.Release|Any CPU.Deploy.0 = Release|Any CPU
		{F9459C6E-0683-4C18-BCC0-43F76401DE64}.Release|ARM.ActiveCfg = Release|Any CPU
		{F9459C6E-0683-4C18-BCC0-43F76401DE64}.Release|ARM.Build.0 = Release|Any CPU
		{F9459C6E-0683-4C18-BCC0-43F76401DE64}.Release|ARM.Deploy.0 = Release|Any CPU
		{F9459C6E-0683-4C18-BCC0-43F76401DE64}.Release|iPhone.ActiveCfg = Release|Any CPU
		{F9459C6E-0683-4C18-BCC0-43F76401DE64}.Release|iPhone.Build.0 = Release|Any CPU
		{F9459C6E-0683-4C18-BCC0-43F76401DE64}.Release|iPhone.Deploy.0 = Release|Any CPU
		{F9459C6E-0683-4C18-BCC0-43F76401DE64}.Release|iPhoneSimulator.ActiveCfg = Release|Any CPU
		{F9459C6E-0683-4C18-BCC0-43F76401DE64}.Release|iPhoneSimulator.Build.0 = Release|Any CPU
		{F9459C6E-0683-4C18-BCC0-43F76401DE64}.Release|iPhoneSimulator.Deploy.0 = Release|Any CPU
		{F9459C6E-0683-4C18-BCC0-43F76401DE64}.Release|x64.ActiveCfg = Release|Any CPU
		{F9459C6E-0683-4C18-BCC0-43F76401DE64}.Release|x64.Build.0 = Release|Any CPU
		{F9459C6E-0683-4C18-BCC0-43F76401DE64}.Release|x64.Deploy.0 = Release|Any CPU
		{F9459C6E-0683-4C18-BCC0-43F76401DE64}.Release|x86.ActiveCfg = Release|Any CPU
		{F9459C6E-0683-4C18-BCC0-43F76401DE64}.Release|x86.Build.0 = Release|Any CPU
		{F9459C6E-0683-4C18-BCC0-43F76401DE64}.Release|x86.Deploy.0 = Release|Any CPU
		{E6FE271C-73A8-47ED-96CB-B268799EEC3D}.Ad-Hoc|Any CPU.ActiveCfg = Ad-Hoc|iPhone
		{E6FE271C-73A8-47ED-96CB-B268799EEC3D}.Ad-Hoc|Any CPU.Build.0 = Ad-Hoc|iPhone
		{E6FE271C-73A8-47ED-96CB-B268799EEC3D}.Ad-Hoc|Any CPU.Deploy.0 = Ad-Hoc|iPhone
		{E6FE271C-73A8-47ED-96CB-B268799EEC3D}.Ad-Hoc|ARM.ActiveCfg = Ad-Hoc|iPhone
		{E6FE271C-73A8-47ED-96CB-B268799EEC3D}.Ad-Hoc|ARM.Build.0 = Ad-Hoc|iPhone
		{E6FE271C-73A8-47ED-96CB-B268799EEC3D}.Ad-Hoc|ARM.Deploy.0 = Ad-Hoc|iPhone
		{E6FE271C-73A8-47ED-96CB-B268799EEC3D}.Ad-Hoc|iPhone.ActiveCfg = Ad-Hoc|iPhone
		{E6FE271C-73A8-47ED-96CB-B268799EEC3D}.Ad-Hoc|iPhone.Build.0 = Ad-Hoc|iPhone
		{E6FE271C-73A8-47ED-96CB-B268799EEC3D}.Ad-Hoc|iPhone.Deploy.0 = Ad-Hoc|iPhone
		{E6FE271C-73A8-47ED-96CB-B268799EEC3D}.Ad-Hoc|iPhoneSimulator.ActiveCfg = Ad-Hoc|iPhoneSimulator
		{E6FE271C-73A8-47ED-96CB-B268799EEC3D}.Ad-Hoc|iPhoneSimulator.Build.0 = Ad-Hoc|iPhoneSimulator
		{E6FE271C-73A8-47ED-96CB-B268799EEC3D}.Ad-Hoc|iPhoneSimulator.Deploy.0 = Ad-Hoc|iPhoneSimulator
		{E6FE271C-73A8-47ED-96CB-B268799EEC3D}.Ad-Hoc|x64.ActiveCfg = Ad-Hoc|iPhone
		{E6FE271C-73A8-47ED-96CB-B268799EEC3D}.Ad-Hoc|x64.Build.0 = Ad-Hoc|iPhone
		{E6FE271C-73A8-47ED-96CB-B268799EEC3D}.Ad-Hoc|x64.Deploy.0 = Ad-Hoc|iPhone
		{E6FE271C-73A8-47ED-96CB-B268799EEC3D}.Ad-Hoc|x86.ActiveCfg = Ad-Hoc|iPhone
		{E6FE271C-73A8-47ED-96CB-B268799EEC3D}.Ad-Hoc|x86.Build.0 = Ad-Hoc|iPhone
		{E6FE271C-73A8-47ED-96CB-B268799EEC3D}.Ad-Hoc|x86.Deploy.0 = Ad-Hoc|iPhone
		{E6FE271C-73A8-47ED-96CB-B268799EEC3D}.AppStore|Any CPU.ActiveCfg = AppStore|iPhone
		{E6FE271C-73A8-47ED-96CB-B268799EEC3D}.AppStore|Any CPU.Build.0 = AppStore|iPhone
		{E6FE271C-73A8-47ED-96CB-B268799EEC3D}.AppStore|Any CPU.Deploy.0 = AppStore|iPhone
		{E6FE271C-73A8-47ED-96CB-B268799EEC3D}.AppStore|ARM.ActiveCfg = AppStore|iPhone
		{E6FE271C-73A8-47ED-96CB-B268799EEC3D}.AppStore|ARM.Build.0 = AppStore|iPhone
		{E6FE271C-73A8-47ED-96CB-B268799EEC3D}.AppStore|ARM.Deploy.0 = AppStore|iPhone
		{E6FE271C-73A8-47ED-96CB-B268799EEC3D}.AppStore|iPhone.ActiveCfg = AppStore|iPhone
		{E6FE271C-73A8-47ED-96CB-B268799EEC3D}.AppStore|iPhone.Build.0 = AppStore|iPhone
		{E6FE271C-73A8-47ED-96CB-B268799EEC3D}.AppStore|iPhone.Deploy.0 = AppStore|iPhone
		{E6FE271C-73A8-47ED-96CB-B268799EEC3D}.AppStore|iPhoneSimulator.ActiveCfg = AppStore|iPhoneSimulator
		{E6FE271C-73A8-47ED-96CB-B268799EEC3D}.AppStore|iPhoneSimulator.Build.0 = AppStore|iPhoneSimulator
		{E6FE271C-73A8-47ED-96CB-B268799EEC3D}.AppStore|iPhoneSimulator.Deploy.0 = AppStore|iPhoneSimulator
		{E6FE271C-73A8-47ED-96CB-B268799EEC3D}.AppStore|x64.ActiveCfg = AppStore|iPhone
		{E6FE271C-73A8-47ED-96CB-B268799EEC3D}.AppStore|x64.Build.0 = AppStore|iPhone
		{E6FE271C-73A8-47ED-96CB-B268799EEC3D}.AppStore|x64.Deploy.0 = AppStore|iPhone
		{E6FE271C-73A8-47ED-96CB-B268799EEC3D}.AppStore|x86.ActiveCfg = AppStore|iPhone
		{E6FE271C-73A8-47ED-96CB-B268799EEC3D}.AppStore|x86.Build.0 = AppStore|iPhone
		{E6FE271C-73A8-47ED-96CB-B268799EEC3D}.AppStore|x86.Deploy.0 = AppStore|iPhone
		{E6FE271C-73A8-47ED-96CB-B268799EEC3D}.Debug|Any CPU.ActiveCfg = Debug|iPhoneSimulator
		{E6FE271C-73A8-47ED-96CB-B268799EEC3D}.Debug|Any CPU.Build.0 = Debug|iPhoneSimulator
		{E6FE271C-73A8-47ED-96CB-B268799EEC3D}.Debug|Any CPU.Deploy.0 = Debug|iPhoneSimulator
		{E6FE271C-73A8-47ED-96CB-B268799EEC3D}.Debug|ARM.ActiveCfg = Debug|iPhone
		{E6FE271C-73A8-47ED-96CB-B268799EEC3D}.Debug|ARM.Build.0 = Debug|iPhone
		{E6FE271C-73A8-47ED-96CB-B268799EEC3D}.Debug|ARM.Deploy.0 = Debug|iPhone
		{E6FE271C-73A8-47ED-96CB-B268799EEC3D}.Debug|iPhone.ActiveCfg = Debug|iPhone
		{E6FE271C-73A8-47ED-96CB-B268799EEC3D}.Debug|iPhone.Build.0 = Debug|iPhone
		{E6FE271C-73A8-47ED-96CB-B268799EEC3D}.Debug|iPhone.Deploy.0 = Debug|iPhone
		{E6FE271C-73A8-47ED-96CB-B268799EEC3D}.Debug|iPhoneSimulator.ActiveCfg = Debug|iPhoneSimulator
		{E6FE271C-73A8-47ED-96CB-B268799EEC3D}.Debug|iPhoneSimulator.Build.0 = Debug|iPhoneSimulator
		{E6FE271C-73A8-47ED-96CB-B268799EEC3D}.Debug|iPhoneSimulator.Deploy.0 = Debug|iPhoneSimulator
		{E6FE271C-73A8-47ED-96CB-B268799EEC3D}.Debug|x64.ActiveCfg = Debug|iPhone
		{E6FE271C-73A8-47ED-96CB-B268799EEC3D}.Debug|x64.Build.0 = Debug|iPhone
		{E6FE271C-73A8-47ED-96CB-B268799EEC3D}.Debug|x64.Deploy.0 = Debug|iPhone
		{E6FE271C-73A8-47ED-96CB-B268799EEC3D}.Debug|x86.ActiveCfg = Debug|iPhone
		{E6FE271C-73A8-47ED-96CB-B268799EEC3D}.Debug|x86.Build.0 = Debug|iPhone
		{E6FE271C-73A8-47ED-96CB-B268799EEC3D}.Debug|x86.Deploy.0 = Debug|iPhone
		{E6FE271C-73A8-47ED-96CB-B268799EEC3D}.Release|Any CPU.ActiveCfg = Release|iPhone
		{E6FE271C-73A8-47ED-96CB-B268799EEC3D}.Release|Any CPU.Build.0 = Release|iPhone
		{E6FE271C-73A8-47ED-96CB-B268799EEC3D}.Release|Any CPU.Deploy.0 = Release|iPhone
		{E6FE271C-73A8-47ED-96CB-B268799EEC3D}.Release|ARM.ActiveCfg = Release|iPhone
		{E6FE271C-73A8-47ED-96CB-B268799EEC3D}.Release|ARM.Build.0 = Release|iPhone
		{E6FE271C-73A8-47ED-96CB-B268799EEC3D}.Release|ARM.Deploy.0 = Release|iPhone
		{E6FE271C-73A8-47ED-96CB-B268799EEC3D}.Release|iPhone.ActiveCfg = Release|iPhone
		{E6FE271C-73A8-47ED-96CB-B268799EEC3D}.Release|iPhone.Build.0 = Release|iPhone
		{E6FE271C-73A8-47ED-96CB-B268799EEC3D}.Release|iPhone.Deploy.0 = Release|iPhone
		{E6FE271C-73A8-47ED-96CB-B268799EEC3D}.Release|iPhoneSimulator.ActiveCfg = Release|iPhoneSimulator
		{E6FE271C-73A8-47ED-96CB-B268799EEC3D}.Release|iPhoneSimulator.Build.0 = Release|iPhoneSimulator
		{E6FE271C-73A8-47ED-96CB-B268799EEC3D}.Release|iPhoneSimulator.Deploy.0 = Release|iPhoneSimulator
		{E6FE271C-73A8-47ED-96CB-B268799EEC3D}.Release|x64.ActiveCfg = Release|iPhone
		{E6FE271C-73A8-47ED-96CB-B268799EEC3D}.Release|x64.Build.0 = Release|iPhone
		{E6FE271C-73A8-47ED-96CB-B268799EEC3D}.Release|x64.Deploy.0 = Release|iPhone
		{E6FE271C-73A8-47ED-96CB-B268799EEC3D}.Release|x86.ActiveCfg = Release|iPhone
		{E6FE271C-73A8-47ED-96CB-B268799EEC3D}.Release|x86.Build.0 = Release|iPhone
		{E6FE271C-73A8-47ED-96CB-B268799EEC3D}.Release|x86.Deploy.0 = Release|iPhone
		{B222B4BF-8629-40E8-93F3-E26BFF03DCC7}.Ad-Hoc|Any CPU.ActiveCfg = Release|x86
		{B222B4BF-8629-40E8-93F3-E26BFF03DCC7}.Ad-Hoc|Any CPU.Build.0 = Release|x86
		{B222B4BF-8629-40E8-93F3-E26BFF03DCC7}.Ad-Hoc|Any CPU.Deploy.0 = Release|x86
		{B222B4BF-8629-40E8-93F3-E26BFF03DCC7}.Ad-Hoc|ARM.ActiveCfg = Release|ARM
		{B222B4BF-8629-40E8-93F3-E26BFF03DCC7}.Ad-Hoc|ARM.Build.0 = Release|ARM
		{B222B4BF-8629-40E8-93F3-E26BFF03DCC7}.Ad-Hoc|ARM.Deploy.0 = Release|ARM
		{B222B4BF-8629-40E8-93F3-E26BFF03DCC7}.Ad-Hoc|iPhone.ActiveCfg = Release|x86
		{B222B4BF-8629-40E8-93F3-E26BFF03DCC7}.Ad-Hoc|iPhone.Build.0 = Release|x86
		{B222B4BF-8629-40E8-93F3-E26BFF03DCC7}.Ad-Hoc|iPhone.Deploy.0 = Release|x86
		{B222B4BF-8629-40E8-93F3-E26BFF03DCC7}.Ad-Hoc|iPhoneSimulator.ActiveCfg = Release|x86
		{B222B4BF-8629-40E8-93F3-E26BFF03DCC7}.Ad-Hoc|iPhoneSimulator.Build.0 = Release|x86
		{B222B4BF-8629-40E8-93F3-E26BFF03DCC7}.Ad-Hoc|iPhoneSimulator.Deploy.0 = Release|x86
		{B222B4BF-8629-40E8-93F3-E26BFF03DCC7}.Ad-Hoc|x64.ActiveCfg = Release|x64
		{B222B4BF-8629-40E8-93F3-E26BFF03DCC7}.Ad-Hoc|x64.Build.0 = Release|x64
		{B222B4BF-8629-40E8-93F3-E26BFF03DCC7}.Ad-Hoc|x64.Deploy.0 = Release|x64
		{B222B4BF-8629-40E8-93F3-E26BFF03DCC7}.Ad-Hoc|x86.ActiveCfg = Release|x86
		{B222B4BF-8629-40E8-93F3-E26BFF03DCC7}.Ad-Hoc|x86.Build.0 = Release|x86
		{B222B4BF-8629-40E8-93F3-E26BFF03DCC7}.Ad-Hoc|x86.Deploy.0 = Release|x86
		{B222B4BF-8629-40E8-93F3-E26BFF03DCC7}.AppStore|Any CPU.ActiveCfg = Release|x86
		{B222B4BF-8629-40E8-93F3-E26BFF03DCC7}.AppStore|Any CPU.Build.0 = Release|x86
		{B222B4BF-8629-40E8-93F3-E26BFF03DCC7}.AppStore|Any CPU.Deploy.0 = Release|x86
		{B222B4BF-8629-40E8-93F3-E26BFF03DCC7}.AppStore|ARM.ActiveCfg = Release|ARM
		{B222B4BF-8629-40E8-93F3-E26BFF03DCC7}.AppStore|ARM.Build.0 = Release|ARM
		{B222B4BF-8629-40E8-93F3-E26BFF03DCC7}.AppStore|ARM.Deploy.0 = Release|ARM
		{B222B4BF-8629-40E8-93F3-E26BFF03DCC7}.AppStore|iPhone.ActiveCfg = Release|x86
		{B222B4BF-8629-40E8-93F3-E26BFF03DCC7}.AppStore|iPhone.Build.0 = Release|x86
		{B222B4BF-8629-40E8-93F3-E26BFF03DCC7}.AppStore|iPhone.Deploy.0 = Release|x86
		{B222B4BF-8629-40E8-93F3-E26BFF03DCC7}.AppStore|iPhoneSimulator.ActiveCfg = Release|x86
		{B222B4BF-8629-40E8-93F3-E26BFF03DCC7}.AppStore|iPhoneSimulator.Build.0 = Release|x86
		{B222B4BF-8629-40E8-93F3-E26BFF03DCC7}.AppStore|iPhoneSimulator.Deploy.0 = Release|x86
		{B222B4BF-8629-40E8-93F3-E26BFF03DCC7}.AppStore|x64.ActiveCfg = Release|x64
		{B222B4BF-8629-40E8-93F3-E26BFF03DCC7}.AppStore|x64.Build.0 = Release|x64
		{B222B4BF-8629-40E8-93F3-E26BFF03DCC7}.AppStore|x64.Deploy.0 = Release|x64
		{B222B4BF-8629-40E8-93F3-E26BFF03DCC7}.AppStore|x86.ActiveCfg = Release|x86
		{B222B4BF-8629-40E8-93F3-E26BFF03DCC7}.AppStore|x86.Build.0 = Release|x86
		{B222B4BF-8629-40E8-93F3-E26BFF03DCC7}.AppStore|x86.Deploy.0 = Release|x86
		{B222B4BF-8629-40E8-93F3-E26BFF03DCC7}.Debug|Any CPU.ActiveCfg = Debug|x86
		{B222B4BF-8629-40E8-93F3-E26BFF03DCC7}.Debug|Any CPU.Build.0 = Debug|x86
		{B222B4BF-8629-40E8-93F3-E26BFF03DCC7}.Debug|Any CPU.Deploy.0 = Debug|x86
		{B222B4BF-8629-40E8-93F3-E26BFF03DCC7}.Debug|ARM.ActiveCfg = Debug|ARM
		{B222B4BF-8629-40E8-93F3-E26BFF03DCC7}.Debug|ARM.Build.0 = Debug|ARM
		{B222B4BF-8629-40E8-93F3-E26BFF03DCC7}.Debug|ARM.Deploy.0 = Debug|ARM
		{B222B4BF-8629-40E8-93F3-E26BFF03DCC7}.Debug|iPhone.ActiveCfg = Debug|x86
		{B222B4BF-8629-40E8-93F3-E26BFF03DCC7}.Debug|iPhone.Build.0 = Debug|x86
		{B222B4BF-8629-40E8-93F3-E26BFF03DCC7}.Debug|iPhone.Deploy.0 = Debug|x86
		{B222B4BF-8629-40E8-93F3-E26BFF03DCC7}.Debug|iPhoneSimulator.ActiveCfg = Debug|x86
		{B222B4BF-8629-40E8-93F3-E26BFF03DCC7}.Debug|iPhoneSimulator.Build.0 = Debug|x86
		{B222B4BF-8629-40E8-93F3-E26BFF03DCC7}.Debug|iPhoneSimulator.Deploy.0 = Debug|x86
		{B222B4BF-8629-40E8-93F3-E26BFF03DCC7}.Debug|x64.ActiveCfg = Debug|x64
		{B222B4BF-8629-40E8-93F3-E26BFF03DCC7}.Debug|x64.Build.0 = Debug|x64
		{B222B4BF-8629-40E8-93F3-E26BFF03DCC7}.Debug|x64.Deploy.0 = Debug|x64
		{B222B4BF-8629-40E8-93F3-E26BFF03DCC7}.Debug|x86.ActiveCfg = Debug|x86
		{B222B4BF-8629-40E8-93F3-E26BFF03DCC7}.Debug|x86.Build.0 = Debug|x86
		{B222B4BF-8629-40E8-93F3-E26BFF03DCC7}.Debug|x86.Deploy.0 = Debug|x86
		{B222B4BF-8629-40E8-93F3-E26BFF03DCC7}.Release|Any CPU.ActiveCfg = Release|x86
		{B222B4BF-8629-40E8-93F3-E26BFF03DCC7}.Release|Any CPU.Build.0 = Release|x86
		{B222B4BF-8629-40E8-93F3-E26BFF03DCC7}.Release|Any CPU.Deploy.0 = Release|x86
		{B222B4BF-8629-40E8-93F3-E26BFF03DCC7}.Release|ARM.ActiveCfg = Release|ARM
		{B222B4BF-8629-40E8-93F3-E26BFF03DCC7}.Release|ARM.Build.0 = Release|ARM
		{B222B4BF-8629-40E8-93F3-E26BFF03DCC7}.Release|ARM.Deploy.0 = Release|ARM
		{B222B4BF-8629-40E8-93F3-E26BFF03DCC7}.Release|iPhone.ActiveCfg = Release|x86
		{B222B4BF-8629-40E8-93F3-E26BFF03DCC7}.Release|iPhone.Build.0 = Release|x86
		{B222B4BF-8629-40E8-93F3-E26BFF03DCC7}.Release|iPhone.Deploy.0 = Release|x86
		{B222B4BF-8629-40E8-93F3-E26BFF03DCC7}.Release|iPhoneSimulator.ActiveCfg = Release|x86
		{B222B4BF-8629-40E8-93F3-E26BFF03DCC7}.Release|iPhoneSimulator.Build.0 = Release|x86
		{B222B4BF-8629-40E8-93F3-E26BFF03DCC7}.Release|iPhoneSimulator.Deploy.0 = Release|x86
		{B222B4BF-8629-40E8-93F3-E26BFF03DCC7}.Release|x64.ActiveCfg = Release|x64
		{B222B4BF-8629-40E8-93F3-E26BFF03DCC7}.Release|x64.Build.0 = Release|x64
		{B222B4BF-8629-40E8-93F3-E26BFF03DCC7}.Release|x64.Deploy.0 = Release|x64
		{B222B4BF-8629-40E8-93F3-E26BFF03DCC7}.Release|x86.ActiveCfg = Release|x86
		{B222B4BF-8629-40E8-93F3-E26BFF03DCC7}.Release|x86.Build.0 = Release|x86
		{B222B4BF-8629-40E8-93F3-E26BFF03DCC7}.Release|x86.Deploy.0 = Release|x86
		{1B121537-786D-4C7E-81C7-377DF4D3B287}.Ad-Hoc|Any CPU.ActiveCfg = Debug|Any CPU
		{1B121537-786D-4C7E-81C7-377DF4D3B287}.Ad-Hoc|Any CPU.Build.0 = Debug|Any CPU
		{1B121537-786D-4C7E-81C7-377DF4D3B287}.Ad-Hoc|Any CPU.Deploy.0 = Debug|Any CPU
		{1B121537-786D-4C7E-81C7-377DF4D3B287}.Ad-Hoc|ARM.ActiveCfg = Debug|Any CPU
		{1B121537-786D-4C7E-81C7-377DF4D3B287}.Ad-Hoc|ARM.Build.0 = Debug|Any CPU
		{1B121537-786D-4C7E-81C7-377DF4D3B287}.Ad-Hoc|ARM.Deploy.0 = Debug|Any CPU
		{1B121537-786D-4C7E-81C7-377DF4D3B287}.Ad-Hoc|iPhone.ActiveCfg = Debug|Any CPU
		{1B121537-786D-4C7E-81C7-377DF4D3B287}.Ad-Hoc|iPhone.Build.0 = Debug|Any CPU
		{1B121537-786D-4C7E-81C7-377DF4D3B287}.Ad-Hoc|iPhone.Deploy.0 = Debug|Any CPU
		{1B121537-786D-4C7E-81C7-377DF4D3B287}.Ad-Hoc|iPhoneSimulator.ActiveCfg = Debug|Any CPU
		{1B121537-786D-4C7E-81C7-377DF4D3B287}.Ad-Hoc|iPhoneSimulator.Build.0 = Debug|Any CPU
		{1B121537-786D-4C7E-81C7-377DF4D3B287}.Ad-Hoc|iPhoneSimulator.Deploy.0 = Debug|Any CPU
		{1B121537-786D-4C7E-81C7-377DF4D3B287}.Ad-Hoc|x64.ActiveCfg = Debug|Any CPU
		{1B121537-786D-4C7E-81C7-377DF4D3B287}.Ad-Hoc|x64.Build.0 = Debug|Any CPU
		{1B121537-786D-4C7E-81C7-377DF4D3B287}.Ad-Hoc|x64.Deploy.0 = Debug|Any CPU
		{1B121537-786D-4C7E-81C7-377DF4D3B287}.Ad-Hoc|x86.ActiveCfg = Debug|Any CPU
		{1B121537-786D-4C7E-81C7-377DF4D3B287}.Ad-Hoc|x86.Build.0 = Debug|Any CPU
		{1B121537-786D-4C7E-81C7-377DF4D3B287}.Ad-Hoc|x86.Deploy.0 = Debug|Any CPU
		{1B121537-786D-4C7E-81C7-377DF4D3B287}.AppStore|Any CPU.ActiveCfg = Debug|Any CPU
		{1B121537-786D-4C7E-81C7-377DF4D3B287}.AppStore|Any CPU.Build.0 = Debug|Any CPU
		{1B121537-786D-4C7E-81C7-377DF4D3B287}.AppStore|Any CPU.Deploy.0 = Debug|Any CPU
		{1B121537-786D-4C7E-81C7-377DF4D3B287}.AppStore|ARM.ActiveCfg = Debug|Any CPU
		{1B121537-786D-4C7E-81C7-377DF4D3B287}.AppStore|ARM.Build.0 = Debug|Any CPU
		{1B121537-786D-4C7E-81C7-377DF4D3B287}.AppStore|ARM.Deploy.0 = Debug|Any CPU
		{1B121537-786D-4C7E-81C7-377DF4D3B287}.AppStore|iPhone.ActiveCfg = Debug|Any CPU
		{1B121537-786D-4C7E-81C7-377DF4D3B287}.AppStore|iPhone.Build.0 = Debug|Any CPU
		{1B121537-786D-4C7E-81C7-377DF4D3B287}.AppStore|iPhone.Deploy.0 = Debug|Any CPU
		{1B121537-786D-4C7E-81C7-377DF4D3B287}.AppStore|iPhoneSimulator.ActiveCfg = Debug|Any CPU
		{1B121537-786D-4C7E-81C7-377DF4D3B287}.AppStore|iPhoneSimulator.Build.0 = Debug|Any CPU
		{1B121537-786D-4C7E-81C7-377DF4D3B287}.AppStore|iPhoneSimulator.Deploy.0 = Debug|Any CPU
		{1B121537-786D-4C7E-81C7-377DF4D3B287}.AppStore|x64.ActiveCfg = Debug|Any CPU
		{1B121537-786D-4C7E-81C7-377DF4D3B287}.AppStore|x64.Build.0 = Debug|Any CPU
		{1B121537-786D-4C7E-81C7-377DF4D3B287}.AppStore|x64.Deploy.0 = Debug|Any CPU
		{1B121537-786D-4C7E-81C7-377DF4D3B287}.AppStore|x86.ActiveCfg = Debug|Any CPU
		{1B121537-786D-4C7E-81C7-377DF4D3B287}.AppStore|x86.Build.0 = Debug|Any CPU
		{1B121537-786D-4C7E-81C7-377DF4D3B287}.AppStore|x86.Deploy.0 = Debug|Any CPU
		{1B121537-786D-4C7E-81C7-377DF4D3B287}.Debug|Any CPU.ActiveCfg = Debug|Any CPU
		{1B121537-786D-4C7E-81C7-377DF4D3B287}.Debug|Any CPU.Build.0 = Debug|Any CPU
		{1B121537-786D-4C7E-81C7-377DF4D3B287}.Debug|Any CPU.Deploy.0 = Debug|Any CPU
		{1B121537-786D-4C7E-81C7-377DF4D3B287}.Debug|ARM.ActiveCfg = Debug|Any CPU
		{1B121537-786D-4C7E-81C7-377DF4D3B287}.Debug|ARM.Build.0 = Debug|Any CPU
		{1B121537-786D-4C7E-81C7-377DF4D3B287}.Debug|ARM.Deploy.0 = Debug|Any CPU
		{1B121537-786D-4C7E-81C7-377DF4D3B287}.Debug|iPhone.ActiveCfg = Debug|Any CPU
		{1B121537-786D-4C7E-81C7-377DF4D3B287}.Debug|iPhone.Build.0 = Debug|Any CPU
		{1B121537-786D-4C7E-81C7-377DF4D3B287}.Debug|iPhone.Deploy.0 = Debug|Any CPU
		{1B121537-786D-4C7E-81C7-377DF4D3B287}.Debug|iPhoneSimulator.ActiveCfg = Debug|Any CPU
		{1B121537-786D-4C7E-81C7-377DF4D3B287}.Debug|iPhoneSimulator.Build.0 = Debug|Any CPU
		{1B121537-786D-4C7E-81C7-377DF4D3B287}.Debug|iPhoneSimulator.Deploy.0 = Debug|Any CPU
		{1B121537-786D-4C7E-81C7-377DF4D3B287}.Debug|x64.ActiveCfg = Debug|Any CPU
		{1B121537-786D-4C7E-81C7-377DF4D3B287}.Debug|x64.Build.0 = Debug|Any CPU
		{1B121537-786D-4C7E-81C7-377DF4D3B287}.Debug|x64.Deploy.0 = Debug|Any CPU
		{1B121537-786D-4C7E-81C7-377DF4D3B287}.Debug|x86.ActiveCfg = Debug|Any CPU
		{1B121537-786D-4C7E-81C7-377DF4D3B287}.Debug|x86.Build.0 = Debug|Any CPU
		{1B121537-786D-4C7E-81C7-377DF4D3B287}.Debug|x86.Deploy.0 = Debug|Any CPU
		{1B121537-786D-4C7E-81C7-377DF4D3B287}.Release|Any CPU.ActiveCfg = Release|Any CPU
		{1B121537-786D-4C7E-81C7-377DF4D3B287}.Release|Any CPU.Build.0 = Release|Any CPU
		{1B121537-786D-4C7E-81C7-377DF4D3B287}.Release|Any CPU.Deploy.0 = Release|Any CPU
		{1B121537-786D-4C7E-81C7-377DF4D3B287}.Release|ARM.ActiveCfg = Release|Any CPU
		{1B121537-786D-4C7E-81C7-377DF4D3B287}.Release|ARM.Build.0 = Release|Any CPU
		{1B121537-786D-4C7E-81C7-377DF4D3B287}.Release|ARM.Deploy.0 = Release|Any CPU
		{1B121537-786D-4C7E-81C7-377DF4D3B287}.Release|iPhone.ActiveCfg = Release|Any CPU
		{1B121537-786D-4C7E-81C7-377DF4D3B287}.Release|iPhone.Build.0 = Release|Any CPU
		{1B121537-786D-4C7E-81C7-377DF4D3B287}.Release|iPhone.Deploy.0 = Release|Any CPU
		{1B121537-786D-4C7E-81C7-377DF4D3B287}.Release|iPhoneSimulator.ActiveCfg = Release|Any CPU
		{1B121537-786D-4C7E-81C7-377DF4D3B287}.Release|iPhoneSimulator.Build.0 = Release|Any CPU
		{1B121537-786D-4C7E-81C7-377DF4D3B287}.Release|iPhoneSimulator.Deploy.0 = Release|Any CPU
		{1B121537-786D-4C7E-81C7-377DF4D3B287}.Release|x64.ActiveCfg = Release|Any CPU
		{1B121537-786D-4C7E-81C7-377DF4D3B287}.Release|x64.Build.0 = Release|Any CPU
		{1B121537-786D-4C7E-81C7-377DF4D3B287}.Release|x64.Deploy.0 = Release|Any CPU
		{1B121537-786D-4C7E-81C7-377DF4D3B287}.Release|x86.ActiveCfg = Release|Any CPU
		{1B121537-786D-4C7E-81C7-377DF4D3B287}.Release|x86.Build.0 = Release|Any CPU
		{1B121537-786D-4C7E-81C7-377DF4D3B287}.Release|x86.Deploy.0 = Release|Any CPU
	EndGlobalSection
	GlobalSection(SolutionProperties) = preSolution
		HideSolutionNode = FALSE
	EndGlobalSection
	GlobalSection(ExtensibilityGlobals) = postSolution
		SolutionGuid = {4B7D70EE-7298-4560-8061-ED31DA07EAAA}
	EndGlobalSection
EndGlobal
